// !$*UTF8*$!
{
	archiveVersion = 1;
	classes = {
	};
	objectVersion = 50;
	objects = {

/* Begin PBXBuildFile section */
		CEDF8601255C539B008BFE54 /* AppDelegate.swift in Sources */ = {isa = PBXBuildFile; fileRef = CEDF8600255C539B008BFE54 /* AppDelegate.swift */; };
		CEDF8603255C539B008BFE54 /* SceneDelegate.swift in Sources */ = {isa = PBXBuildFile; fileRef = CEDF8602255C539B008BFE54 /* SceneDelegate.swift */; };
		CEDF8605255C539B008BFE54 /* ContentView.swift in Sources */ = {isa = PBXBuildFile; fileRef = CEDF8604255C539B008BFE54 /* ContentView.swift */; };
		CEDF8607255C539D008BFE54 /* Assets.xcassets in Resources */ = {isa = PBXBuildFile; fileRef = CEDF8606255C539D008BFE54 /* Assets.xcassets */; };
		CEDF860A255C539D008BFE54 /* Preview Assets.xcassets in Resources */ = {isa = PBXBuildFile; fileRef = CEDF8609255C539D008BFE54 /* Preview Assets.xcassets */; };
		CEDF860D255C539D008BFE54 /* LaunchScreen.storyboard in Resources */ = {isa = PBXBuildFile; fileRef = CEDF860B255C539D008BFE54 /* LaunchScreen.storyboard */; };
/* End PBXBuildFile section */

/* Begin PBXFileReference section */
		CEDF85FD255C539B008BFE54 /* ClimbGesh&CO.app */ = {isa = PBXFileReference; explicitFileType = wrapper.application; includeInIndex = 0; path = "ClimbGesh&CO.app"; sourceTree = BUILT_PRODUCTS_DIR; };
		CEDF8600255C539B008BFE54 /* AppDelegate.swift */ = {isa = PBXFileReference; lastKnownFileType = sourcecode.swift; path = AppDelegate.swift; sourceTree = "<group>"; };
		CEDF8602255C539B008BFE54 /* SceneDelegate.swift */ = {isa = PBXFileReference; lastKnownFileType = sourcecode.swift; path = SceneDelegate.swift; sourceTree = "<group>"; };
		CEDF8604255C539B008BFE54 /* ContentView.swift */ = {isa = PBXFileReference; lastKnownFileType = sourcecode.swift; path = ContentView.swift; sourceTree = "<group>"; };
		CEDF8606255C539D008BFE54 /* Assets.xcassets */ = {isa = PBXFileReference; lastKnownFileType = folder.assetcatalog; path = Assets.xcassets; sourceTree = "<group>"; };
		CEDF8609255C539D008BFE54 /* Preview Assets.xcassets */ = {isa = PBXFileReference; lastKnownFileType = folder.assetcatalog; path = "Preview Assets.xcassets"; sourceTree = "<group>"; };
		CEDF860C255C539D008BFE54 /* Base */ = {isa = PBXFileReference; lastKnownFileType = file.storyboard; name = Base; path = Base.lproj/LaunchScreen.storyboard; sourceTree = "<group>"; };
		CEDF860E255C539D008BFE54 /* Info.plist */ = {isa = PBXFileReference; lastKnownFileType = text.plist.xml; path = Info.plist; sourceTree = "<group>"; };
/* End PBXFileReference section */

/* Begin PBXFrameworksBuildPhase section */
		CEDF85FA255C539B008BFE54 /* Frameworks */ = {
			isa = PBXFrameworksBuildPhase;
			buildActionMask = 2147483647;
			files = (
			);
			runOnlyForDeploymentPostprocessing = 0;
		};
/* End PBXFrameworksBuildPhase section */

/* Begin PBXGroup section */
		CEDF85F4255C539B008BFE54 = {
			isa = PBXGroup;
			children = (
				CEDF85FF255C539B008BFE54 /* ClimbGesh&CO */,
				CEDF85FE255C539B008BFE54 /* Products */,
			);
			sourceTree = "<group>";
		};
		CEDF85FE255C539B008BFE54 /* Products */ = {
			isa = PBXGroup;
			children = (
				CEDF85FD255C539B008BFE54 /* ClimbGesh&CO.app */,
			);
			name = Products;
			sourceTree = "<group>";
		};
		CEDF85FF255C539B008BFE54 /* ClimbGesh&CO */ = {
			isa = PBXGroup;
			children = (
				CEDF8600255C539B008BFE54 /* AppDelegate.swift */,
				CEDF8602255C539B008BFE54 /* SceneDelegate.swift */,
				CEDF8604255C539B008BFE54 /* ContentView.swift */,
				CEDF8606255C539D008BFE54 /* Assets.xcassets */,
				CEDF860B255C539D008BFE54 /* LaunchScreen.storyboard */,
				CEDF860E255C539D008BFE54 /* Info.plist */,
				CEDF8608255C539D008BFE54 /* Preview Content */,
			);
			path = "ClimbGesh&CO";
			sourceTree = "<group>";
		};
		CEDF8608255C539D008BFE54 /* Preview Content */ = {
			isa = PBXGroup;
			children = (
				CEDF8609255C539D008BFE54 /* Preview Assets.xcassets */,
			);
			path = "Preview Content";
			sourceTree = "<group>";
		};
/* End PBXGroup section */

/* Begin PBXNativeTarget section */
		CEDF85FC255C539B008BFE54 /* ClimbGesh&CO */ = {
			isa = PBXNativeTarget;
			buildConfigurationList = CEDF8611255C539D008BFE54 /* Build configuration list for PBXNativeTarget "ClimbGesh&CO" */;
			buildPhases = (
				CEDF85F9255C539B008BFE54 /* Sources */,
				CEDF85FA255C539B008BFE54 /* Frameworks */,
				CEDF85FB255C539B008BFE54 /* Resources */,
			);
			buildRules = (
			);
			dependencies = (
			);
			name = "ClimbGesh&CO";
			productName = "ClimbGesh&CO";
			productReference = CEDF85FD255C539B008BFE54 /* ClimbGesh&CO.app */;
			productType = "com.apple.product-type.application";
		};
/* End PBXNativeTarget section */

/* Begin PBXProject section */
		CEDF85F5255C539B008BFE54 /* Project object */ = {
			isa = PBXProject;
			attributes = {
				LastSwiftUpdateCheck = 1210;
				LastUpgradeCheck = 1210;
				TargetAttributes = {
					CEDF85FC255C539B008BFE54 = {
						CreatedOnToolsVersion = 12.1;
					};
				};
			};
			buildConfigurationList = CEDF85F8255C539B008BFE54 /* Build configuration list for PBXProject "ClimbGesh&CO" */;
			compatibilityVersion = "Xcode 9.3";
			developmentRegion = en;
			hasScannedForEncodings = 0;
			knownRegions = (
				en,
				Base,
			);
			mainGroup = CEDF85F4255C539B008BFE54;
			productRefGroup = CEDF85FE255C539B008BFE54 /* Products */;
			projectDirPath = "";
			projectRoot = "";
			targets = (
				CEDF85FC255C539B008BFE54 /* ClimbGesh&CO */,
			);
		};
/* End PBXProject section */

/* Begin PBXResourcesBuildPhase section */
		CEDF85FB255C539B008BFE54 /* Resources */ = {
			isa = PBXResourcesBuildPhase;
			buildActionMask = 2147483647;
			files = (
				CEDF860D255C539D008BFE54 /* LaunchScreen.storyboard in Resources */,
				CEDF860A255C539D008BFE54 /* Preview Assets.xcassets in Resources */,
				CEDF8607255C539D008BFE54 /* Assets.xcassets in Resources */,
			);
			runOnlyForDeploymentPostprocessing = 0;
		};
/* End PBXResourcesBuildPhase section */

/* Begin PBXSourcesBuildPhase section */
		CEDF85F9255C539B008BFE54 /* Sources */ = {
			isa = PBXSourcesBuildPhase;
			buildActionMask = 2147483647;
			files = (
				CEDF8601255C539B008BFE54 /* AppDelegate.swift in Sources */,
				CEDF8603255C539B008BFE54 /* SceneDelegate.swift in Sources */,
				CEDF8605255C539B008BFE54 /* ContentView.swift in Sources */,
			);
			runOnlyForDeploymentPostprocessing = 0;
		};
/* End PBXSourcesBuildPhase section */

/* Begin PBXVariantGroup section */
		CEDF860B255C539D008BFE54 /* LaunchScreen.storyboard */ = {
			isa = PBXVariantGroup;
			children = (
				CEDF860C255C539D008BFE54 /* Base */,
			);
			name = LaunchScreen.storyboard;
			sourceTree = "<group>";
		};
/* End PBXVariantGroup section */

/* Begin XCBuildConfiguration section */
		CEDF860F255C539D008BFE54 /* Debug */ = {
			isa = XCBuildConfiguration;
			buildSettings = {
				ALWAYS_SEARCH_USER_PATHS = NO;
				CLANG_ANALYZER_NONNULL = YES;
				CLANG_ANALYZER_NUMBER_OBJECT_CONVERSION = YES_AGGRESSIVE;
				CLANG_CXX_LANGUAGE_STANDARD = "gnu++14";
				CLANG_CXX_LIBRARY = "libc++";
				CLANG_ENABLE_MODULES = YES;
				CLANG_ENABLE_OBJC_ARC = YES;
				CLANG_ENABLE_OBJC_WEAK = YES;
				CLANG_WARN_BLOCK_CAPTURE_AUTORELEASING = YES;
				CLANG_WARN_BOOL_CONVERSION = YES;
				CLANG_WARN_COMMA = YES;
				CLANG_WARN_CONSTANT_CONVERSION = YES;
				CLANG_WARN_DEPRECATED_OBJC_IMPLEMENTATIONS = YES;
				CLANG_WARN_DIRECT_OBJC_ISA_USAGE = YES_ERROR;
				CLANG_WARN_DOCUMENTATION_COMMENTS = YES;
				CLANG_WARN_EMPTY_BODY = YES;
				CLANG_WARN_ENUM_CONVERSION = YES;
				CLANG_WARN_INFINITE_RECURSION = YES;
				CLANG_WARN_INT_CONVERSION = YES;
				CLANG_WARN_NON_LITERAL_NULL_CONVERSION = YES;
				CLANG_WARN_OBJC_IMPLICIT_RETAIN_SELF = YES;
				CLANG_WARN_OBJC_LITERAL_CONVERSION = YES;
				CLANG_WARN_OBJC_ROOT_CLASS = YES_ERROR;
				CLANG_WARN_QUOTED_INCLUDE_IN_FRAMEWORK_HEADER = YES;
				CLANG_WARN_RANGE_LOOP_ANALYSIS = YES;
				CLANG_WARN_STRICT_PROTOTYPES = YES;
				CLANG_WARN_SUSPICIOUS_MOVE = YES;
				CLANG_WARN_UNGUARDED_AVAILABILITY = YES_AGGRESSIVE;
				CLANG_WARN_UNREACHABLE_CODE = YES;
				CLANG_WARN__DUPLICATE_METHOD_MATCH = YES;
				COPY_PHASE_STRIP = NO;
				DEBUG_INFORMATION_FORMAT = dwarf;
				ENABLE_STRICT_OBJC_MSGSEND = YES;
				ENABLE_TESTABILITY = YES;
				GCC_C_LANGUAGE_STANDARD = gnu11;
				GCC_DYNAMIC_NO_PIC = NO;
				GCC_NO_COMMON_BLOCKS = YES;
				GCC_OPTIMIZATION_LEVEL = 0;
				GCC_PREPROCESSOR_DEFINITIONS = (
					"DEBUG=1",
					"$(inherited)",
				);
				GCC_WARN_64_TO_32_BIT_CONVERSION = YES;
				GCC_WARN_ABOUT_RETURN_TYPE = YES_ERROR;
				GCC_WARN_UNDECLARED_SELECTOR = YES;
				GCC_WARN_UNINITIALIZED_AUTOS = YES_AGGRESSIVE;
				GCC_WARN_UNUSED_FUNCTION = YES;
				GCC_WARN_UNUSED_VARIABLE = YES;
				IPHONEOS_DEPLOYMENT_TARGET = 14.1;
				MTL_ENABLE_DEBUG_INFO = INCLUDE_SOURCE;
				MTL_FAST_MATH = YES;
				ONLY_ACTIVE_ARCH = YES;
				SDKROOT = iphoneos;
				SWIFT_ACTIVE_COMPILATION_CONDITIONS = DEBUG;
				SWIFT_OPTIMIZATION_LEVEL = "-Onone";
			};
			name = Debug;
		};
		CEDF8610255C539D008BFE54 /* Release */ = {
			isa = XCBuildConfiguration;
			buildSettings = {
				ALWAYS_SEARCH_USER_PATHS = NO;
				CLANG_ANALYZER_NONNULL = YES;
				CLANG_ANALYZER_NUMBER_OBJECT_CONVERSION = YES_AGGRESSIVE;
				CLANG_CXX_LANGUAGE_STANDARD = "gnu++14";
				CLANG_CXX_LIBRARY = "libc++";
				CLANG_ENABLE_MODULES = YES;
				CLANG_ENABLE_OBJC_ARC = YES;
				CLANG_ENABLE_OBJC_WEAK = YES;
				CLANG_WARN_BLOCK_CAPTURE_AUTORELEASING = YES;
				CLANG_WARN_BOOL_CONVERSION = YES;
				CLANG_WARN_COMMA = YES;
				CLANG_WARN_CONSTANT_CONVERSION = YES;
				CLANG_WARN_DEPRECATED_OBJC_IMPLEMENTATIONS = YES;
				CLANG_WARN_DIRECT_OBJC_ISA_USAGE = YES_ERROR;
				CLANG_WARN_DOCUMENTATION_COMMENTS = YES;
				CLANG_WARN_EMPTY_BODY = YES;
				CLANG_WARN_ENUM_CONVERSION = YES;
				CLANG_WARN_INFINITE_RECURSION = YES;
				CLANG_WARN_INT_CONVERSION = YES;
				CLANG_WARN_NON_LITERAL_NULL_CONVERSION = YES;
				CLANG_WARN_OBJC_IMPLICIT_RETAIN_SELF = YES;
				CLANG_WARN_OBJC_LITERAL_CONVERSION = YES;
				CLANG_WARN_OBJC_ROOT_CLASS = YES_ERROR;
				CLANG_WARN_QUOTED_INCLUDE_IN_FRAMEWORK_HEADER = YES;
				CLANG_WARN_RANGE_LOOP_ANALYSIS = YES;
				CLANG_WARN_STRICT_PROTOTYPES = YES;
				CLANG_WARN_SUSPICIOUS_MOVE = YES;
				CLANG_WARN_UNGUARDED_AVAILABILITY = YES_AGGRESSIVE;
				CLANG_WARN_UNREACHABLE_CODE = YES;
				CLANG_WARN__DUPLICATE_METHOD_MATCH = YES;
				COPY_PHASE_STRIP = NO;
				DEBUG_INFORMATION_FORMAT = "dwarf-with-dsym";
				ENABLE_NS_ASSERTIONS = NO;
				ENABLE_STRICT_OBJC_MSGSEND = YES;
				GCC_C_LANGUAGE_STANDARD = gnu11;
				GCC_NO_COMMON_BLOCKS = YES;
				GCC_WARN_64_TO_32_BIT_CONVERSION = YES;
				GCC_WARN_ABOUT_RETURN_TYPE = YES_ERROR;
				GCC_WARN_UNDECLARED_SELECTOR = YES;
				GCC_WARN_UNINITIALIZED_AUTOS = YES_AGGRESSIVE;
				GCC_WARN_UNUSED_FUNCTION = YES;
				GCC_WARN_UNUSED_VARIABLE = YES;
				IPHONEOS_DEPLOYMENT_TARGET = 14.1;
				MTL_ENABLE_DEBUG_INFO = NO;
				MTL_FAST_MATH = YES;
				SDKROOT = iphoneos;
				SWIFT_COMPILATION_MODE = wholemodule;
				SWIFT_OPTIMIZATION_LEVEL = "-O";
				VALIDATE_PRODUCT = YES;
			};
			name = Release;
		};
		CEDF8612255C539D008BFE54 /* Debug */ = {
			isa = XCBuildConfiguration;
			buildSettings = {
				ASSETCATALOG_COMPILER_APPICON_NAME = AppIcon;
				ASSETCATALOG_COMPILER_GLOBAL_ACCENT_COLOR_NAME = AccentColor;
				CODE_SIGN_STYLE = Automatic;
				DEVELOPMENT_ASSET_PATHS = "\"ClimbGesh&CO/Preview Content\"";
				ENABLE_PREVIEWS = YES;
				INFOPLIST_FILE = "ClimbGesh&CO/Info.plist";
				LD_RUNPATH_SEARCH_PATHS = (
					"$(inherited)",
					"@executable_path/Frameworks",
				);
				PRODUCT_BUNDLE_IDENTIFIER = "ilvutikova.ClimbGesh-CO";
				PRODUCT_NAME = "$(TARGET_NAME)";
				SWIFT_VERSION = 5.0;
				TARGETED_DEVICE_FAMILY = "1,2";
			};
			name = Debug;
		};
		CEDF8613255C539D008BFE54 /* Release */ = {
			isa = XCBuildConfiguration;
			buildSettings = {
				ASSETCATALOG_COMPILER_APPICON_NAME = AppIcon;
				ASSETCATALOG_COMPILER_GLOBAL_ACCENT_COLOR_NAME = AccentColor;
				CODE_SIGN_STYLE = Automatic;
				DEVELOPMENT_ASSET_PATHS = "\"ClimbGesh&CO/Preview Content\"";
				ENABLE_PREVIEWS = YES;
				INFOPLIST_FILE = "ClimbGesh&CO/Info.plist";
				LD_RUNPATH_SEARCH_PATHS = (
					"$(inherited)",
					"@executable_path/Frameworks",
				);
				PRODUCT_BUNDLE_IDENTIFIER = "ilvutikova.ClimbGesh-CO";
				PRODUCT_NAME = "$(TARGET_NAME)";
				SWIFT_VERSION = 5.0;
				TARGETED_DEVICE_FAMILY = "1,2";
			};
			name = Release;
		};
/* End XCBuildConfiguration section */

/* Begin XCConfigurationList section */
		CEDF85F8255C539B008BFE54 /* Build configuration list for PBXProject "ClimbGesh&CO" */ = {
			isa = XCConfigurationList;
			buildConfigurations = (
				CEDF860F255C539D008BFE54 /* Debug */,
				CEDF8610255C539D008BFE54 /* Release */,
			);
			defaultConfigurationIsVisible = 0;
			defaultConfigurationName = Release;
		};
		CEDF8611255C539D008BFE54 /* Build configuration list for PBXNativeTarget "ClimbGesh&CO" */ = {
			isa = XCConfigurationList;
			buildConfigurations = (
				CEDF8612255C539D008BFE54 /* Debug */,
				CEDF8613255C539D008BFE54 /* Release */,
			);
			defaultConfigurationIsVisible = 0;
			defaultConfigurationName = Release;
		};
/* End XCConfigurationList section */
	};
	rootObject = CEDF85F5255C539B008BFE54 /* Project object */;
}
